// !$*UTF8*$!
{
	archiveVersion = 1;
	classes = {
	};
	objectVersion = 55;
	objects = {

/* Begin PBXBuildFile section */
		DB90C4A57C20AEC97A9194E2 /* Pods_PhotoEditorVSCO.framework in Frameworks */ = {isa = PBXBuildFile; fileRef = 0F4FCA80E5B41F6A970E60E5 /* Pods_PhotoEditorVSCO.framework */; };
		EBCDDF4D2799AEC7004E3BE3 /* AppDelegate.swift in Sources */ = {isa = PBXBuildFile; fileRef = EBCDDF4C2799AEC7004E3BE3 /* AppDelegate.swift */; };
		EBCDDF512799AEC7004E3BE3 /* ViewController.swift in Sources */ = {isa = PBXBuildFile; fileRef = EBCDDF502799AEC7004E3BE3 /* ViewController.swift */; };
		EBCDDF562799AECC004E3BE3 /* Assets.xcassets in Resources */ = {isa = PBXBuildFile; fileRef = EBCDDF552799AECC004E3BE3 /* Assets.xcassets */; };
		EBCDDF592799AECC004E3BE3 /* LaunchScreen.storyboard in Resources */ = {isa = PBXBuildFile; fileRef = EBCDDF572799AECC004E3BE3 /* LaunchScreen.storyboard */; };
		EBCDDF612799AF73004E3BE3 /* ImagePicker.swift in Sources */ = {isa = PBXBuildFile; fileRef = EBCDDF602799AF73004E3BE3 /* ImagePicker.swift */; };
		EBCDDF642799C7C0004E3BE3 /* EditorViewController.swift in Sources */ = {isa = PBXBuildFile; fileRef = EBCDDF632799C7C0004E3BE3 /* EditorViewController.swift */; };
		EBCDDF66279AB4A5004E3BE3 /* ExtraUIColor.swift in Sources */ = {isa = PBXBuildFile; fileRef = EBCDDF65279AB4A5004E3BE3 /* ExtraUIColor.swift */; };
/* End PBXBuildFile section */

/* Begin PBXFileReference section */
		0F4FCA80E5B41F6A970E60E5 /* Pods_PhotoEditorVSCO.framework */ = {isa = PBXFileReference; explicitFileType = wrapper.framework; includeInIndex = 0; path = Pods_PhotoEditorVSCO.framework; sourceTree = BUILT_PRODUCTS_DIR; };
		E5323E9B1C6F667478255519 /* Pods-PhotoEditorVSCO.release.xcconfig */ = {isa = PBXFileReference; includeInIndex = 1; lastKnownFileType = text.xcconfig; name = "Pods-PhotoEditorVSCO.release.xcconfig"; path = "Target Support Files/Pods-PhotoEditorVSCO/Pods-PhotoEditorVSCO.release.xcconfig"; sourceTree = "<group>"; };
		EBCDDF492799AEC7004E3BE3 /* PhotoEditorVSCO.app */ = {isa = PBXFileReference; explicitFileType = wrapper.application; includeInIndex = 0; path = PhotoEditorVSCO.app; sourceTree = BUILT_PRODUCTS_DIR; };
		EBCDDF4C2799AEC7004E3BE3 /* AppDelegate.swift */ = {isa = PBXFileReference; lastKnownFileType = sourcecode.swift; path = AppDelegate.swift; sourceTree = "<group>"; };
		EBCDDF502799AEC7004E3BE3 /* ViewController.swift */ = {isa = PBXFileReference; lastKnownFileType = sourcecode.swift; path = ViewController.swift; sourceTree = "<group>"; };
		EBCDDF552799AECC004E3BE3 /* Assets.xcassets */ = {isa = PBXFileReference; lastKnownFileType = folder.assetcatalog; path = Assets.xcassets; sourceTree = "<group>"; };
		EBCDDF582799AECC004E3BE3 /* Base */ = {isa = PBXFileReference; lastKnownFileType = file.storyboard; name = Base; path = Base.lproj/LaunchScreen.storyboard; sourceTree = "<group>"; };
		EBCDDF5A2799AECC004E3BE3 /* Info.plist */ = {isa = PBXFileReference; lastKnownFileType = text.plist.xml; path = Info.plist; sourceTree = "<group>"; };
		EBCDDF602799AF73004E3BE3 /* ImagePicker.swift */ = {isa = PBXFileReference; lastKnownFileType = sourcecode.swift; path = ImagePicker.swift; sourceTree = "<group>"; };
		EBCDDF632799C7C0004E3BE3 /* EditorViewController.swift */ = {isa = PBXFileReference; lastKnownFileType = sourcecode.swift; path = EditorViewController.swift; sourceTree = "<group>"; };
		EBCDDF65279AB4A5004E3BE3 /* ExtraUIColor.swift */ = {isa = PBXFileReference; lastKnownFileType = sourcecode.swift; path = ExtraUIColor.swift; sourceTree = "<group>"; };
		F685720A9019AF2EA2A4FDAA /* Pods-PhotoEditorVSCO.debug.xcconfig */ = {isa = PBXFileReference; includeInIndex = 1; lastKnownFileType = text.xcconfig; name = "Pods-PhotoEditorVSCO.debug.xcconfig"; path = "Target Support Files/Pods-PhotoEditorVSCO/Pods-PhotoEditorVSCO.debug.xcconfig"; sourceTree = "<group>"; };
/* End PBXFileReference section */

/* Begin PBXFrameworksBuildPhase section */
		EBCDDF462799AEC7004E3BE3 /* Frameworks */ = {
			isa = PBXFrameworksBuildPhase;
			buildActionMask = 2147483647;
			files = (
				DB90C4A57C20AEC97A9194E2 /* Pods_PhotoEditorVSCO.framework in Frameworks */,
			);
			runOnlyForDeploymentPostprocessing = 0;
		};
/* End PBXFrameworksBuildPhase section */

/* Begin PBXGroup section */
		1C454CC43A8266F82C0B89E8 /* Pods */ = {
			isa = PBXGroup;
			children = (
				F685720A9019AF2EA2A4FDAA /* Pods-PhotoEditorVSCO.debug.xcconfig */,
				E5323E9B1C6F667478255519 /* Pods-PhotoEditorVSCO.release.xcconfig */,
			);
			path = Pods;
			sourceTree = "<group>";
		};
		6A28AF6B6FE728A861E61DB4 /* Frameworks */ = {
			isa = PBXGroup;
			children = (
				0F4FCA80E5B41F6A970E60E5 /* Pods_PhotoEditorVSCO.framework */,
			);
			name = Frameworks;
			sourceTree = "<group>";
		};
		EBCDDF402799AEC7004E3BE3 = {
			isa = PBXGroup;
			children = (
				EBCDDF4B2799AEC7004E3BE3 /* PhotoEditorVSCO */,
				EBCDDF4A2799AEC7004E3BE3 /* Products */,
				1C454CC43A8266F82C0B89E8 /* Pods */,
				6A28AF6B6FE728A861E61DB4 /* Frameworks */,
			);
			sourceTree = "<group>";
		};
		EBCDDF4A2799AEC7004E3BE3 /* Products */ = {
			isa = PBXGroup;
			children = (
				EBCDDF492799AEC7004E3BE3 /* PhotoEditorVSCO.app */,
			);
			name = Products;
			sourceTree = "<group>";
		};
		EBCDDF4B2799AEC7004E3BE3 /* PhotoEditorVSCO */ = {
			isa = PBXGroup;
			children = (
				EBCDDF67279AB4AF004E3BE3 /* Controllers */,
				EBCDDF4C2799AEC7004E3BE3 /* AppDelegate.swift */,
				EBCDDF602799AF73004E3BE3 /* ImagePicker.swift */,
				EBCDDF65279AB4A5004E3BE3 /* ExtraUIColor.swift */,
				EBCDDF552799AECC004E3BE3 /* Assets.xcassets */,
				EBCDDF572799AECC004E3BE3 /* LaunchScreen.storyboard */,
				EBCDDF5A2799AECC004E3BE3 /* Info.plist */,
			);
			path = PhotoEditorVSCO;
			sourceTree = "<group>";
		};
		EBCDDF67279AB4AF004E3BE3 /* Controllers */ = {
			isa = PBXGroup;
			children = (
				EBCDDF502799AEC7004E3BE3 /* ViewController.swift */,
				EBCDDF632799C7C0004E3BE3 /* EditorViewController.swift */,
			);
			path = Controllers;
			sourceTree = "<group>";
		};
/* End PBXGroup section */

/* Begin PBXNativeTarget section */
		EBCDDF482799AEC7004E3BE3 /* PhotoEditorVSCO */ = {
			isa = PBXNativeTarget;
			buildConfigurationList = EBCDDF5D2799AECC004E3BE3 /* Build configuration list for PBXNativeTarget "PhotoEditorVSCO" */;
			buildPhases = (
				DD4AC44C349A9342E1AACCBB /* [CP] Check Pods Manifest.lock */,
				EBCDDF452799AEC7004E3BE3 /* Sources */,
				EBCDDF462799AEC7004E3BE3 /* Frameworks */,
				EBCDDF472799AEC7004E3BE3 /* Resources */,
				02D6FA5629B76F703FFCDAF7 /* [CP] Embed Pods Frameworks */,
			);
			buildRules = (
			);
			dependencies = (
			);
			name = PhotoEditorVSCO;
			productName = PhotoEditorVSCO;
			productReference = EBCDDF492799AEC7004E3BE3 /* PhotoEditorVSCO.app */;
			productType = "com.apple.product-type.application";
		};
/* End PBXNativeTarget section */

/* Begin PBXProject section */
		EBCDDF412799AEC7004E3BE3 /* Project object */ = {
			isa = PBXProject;
			attributes = {
				BuildIndependentTargetsInParallel = 1;
				LastSwiftUpdateCheck = 1320;
				LastUpgradeCheck = 1320;
				TargetAttributes = {
					EBCDDF482799AEC7004E3BE3 = {
						CreatedOnToolsVersion = 13.2.1;
					};
				};
			};
			buildConfigurationList = EBCDDF442799AEC7004E3BE3 /* Build configuration list for PBXProject "PhotoEditorVSCO" */;
			compatibilityVersion = "Xcode 13.0";
			developmentRegion = en;
			hasScannedForEncodings = 0;
			knownRegions = (
				en,
				Base,
			);
			mainGroup = EBCDDF402799AEC7004E3BE3;
			productRefGroup = EBCDDF4A2799AEC7004E3BE3 /* Products */;
			projectDirPath = "";
			projectRoot = "";
			targets = (
				EBCDDF482799AEC7004E3BE3 /* PhotoEditorVSCO */,
			);
		};
/* End PBXProject section */

/* Begin PBXResourcesBuildPhase section */
		EBCDDF472799AEC7004E3BE3 /* Resources */ = {
			isa = PBXResourcesBuildPhase;
			buildActionMask = 2147483647;
			files = (
				EBCDDF592799AECC004E3BE3 /* LaunchScreen.storyboard in Resources */,
				EBCDDF562799AECC004E3BE3 /* Assets.xcassets in Resources */,
			);
			runOnlyForDeploymentPostprocessing = 0;
		};
/* End PBXResourcesBuildPhase section */

/* Begin PBXShellScriptBuildPhase section */
		02D6FA5629B76F703FFCDAF7 /* [CP] Embed Pods Frameworks */ = {
			isa = PBXShellScriptBuildPhase;
			buildActionMask = 2147483647;
			files = (
			);
			inputFileListPaths = (
				"${PODS_ROOT}/Target Support Files/Pods-PhotoEditorVSCO/Pods-PhotoEditorVSCO-frameworks-${CONFIGURATION}-input-files.xcfilelist",
			);
			name = "[CP] Embed Pods Frameworks";
			outputFileListPaths = (
				"${PODS_ROOT}/Target Support Files/Pods-PhotoEditorVSCO/Pods-PhotoEditorVSCO-frameworks-${CONFIGURATION}-output-files.xcfilelist",
			);
			runOnlyForDeploymentPostprocessing = 0;
			shellPath = /bin/sh;
			shellScript = "\"${PODS_ROOT}/Target Support Files/Pods-PhotoEditorVSCO/Pods-PhotoEditorVSCO-frameworks.sh\"\n";
			showEnvVarsInLog = 0;
		};
		DD4AC44C349A9342E1AACCBB /* [CP] Check Pods Manifest.lock */ = {
			isa = PBXShellScriptBuildPhase;
			buildActionMask = 2147483647;
			files = (
			);
			inputFileListPaths = (
			);
			inputPaths = (
				"${PODS_PODFILE_DIR_PATH}/Podfile.lock",
				"${PODS_ROOT}/Manifest.lock",
			);
			name = "[CP] Check Pods Manifest.lock";
			outputFileListPaths = (
			);
			outputPaths = (
				"$(DERIVED_FILE_DIR)/Pods-PhotoEditorVSCO-checkManifestLockResult.txt",
			);
			runOnlyForDeploymentPostprocessing = 0;
			shellPath = /bin/sh;
			shellScript = "diff \"${PODS_PODFILE_DIR_PATH}/Podfile.lock\" \"${PODS_ROOT}/Manifest.lock\" > /dev/null\nif [ $? != 0 ] ; then\n    # print error to STDERR\n    echo \"error: The sandbox is not in sync with the Podfile.lock. Run 'pod install' or update your CocoaPods installation.\" >&2\n    exit 1\nfi\n# This output is used by Xcode 'outputs' to avoid re-running this script phase.\necho \"SUCCESS\" > \"${SCRIPT_OUTPUT_FILE_0}\"\n";
			showEnvVarsInLog = 0;
		};
/* End PBXShellScriptBuildPhase section */

/* Begin PBXSourcesBuildPhase section */
		EBCDDF452799AEC7004E3BE3 /* Sources */ = {
			isa = PBXSourcesBuildPhase;
			buildActionMask = 2147483647;
			files = (
				EBCDDF512799AEC7004E3BE3 /* ViewController.swift in Sources */,
				EBCDDF66279AB4A5004E3BE3 /* ExtraUIColor.swift in Sources */,
				EBCDDF612799AF73004E3BE3 /* ImagePicker.swift in Sources */,
				EBCDDF4D2799AEC7004E3BE3 /* AppDelegate.swift in Sources */,
				EBCDDF642799C7C0004E3BE3 /* EditorViewController.swift in Sources */,
			);
			runOnlyForDeploymentPostprocessing = 0;
		};
/* End PBXSourcesBuildPhase section */

/* Begin PBXVariantGroup section */
		EBCDDF572799AECC004E3BE3 /* LaunchScreen.storyboard */ = {
			isa = PBXVariantGroup;
			children = (
				EBCDDF582799AECC004E3BE3 /* Base */,
			);
			name = LaunchScreen.storyboard;
			sourceTree = "<group>";
		};
/* End PBXVariantGroup section */

/* Begin XCBuildConfiguration section */
		EBCDDF5B2799AECC004E3BE3 /* Debug */ = {
			isa = XCBuildConfiguration;
			buildSettings = {
				ALWAYS_SEARCH_USER_PATHS = NO;
				CLANG_ANALYZER_NONNULL = YES;
				CLANG_ANALYZER_NUMBER_OBJECT_CONVERSION = YES_AGGRESSIVE;
				CLANG_CXX_LANGUAGE_STANDARD = "gnu++17";
				CLANG_CXX_LIBRARY = "libc++";
				CLANG_ENABLE_MODULES = YES;
				CLANG_ENABLE_OBJC_ARC = YES;
				CLANG_ENABLE_OBJC_WEAK = YES;
				CLANG_WARN_BLOCK_CAPTURE_AUTORELEASING = YES;
				CLANG_WARN_BOOL_CONVERSION = YES;
				CLANG_WARN_COMMA = YES;
				CLANG_WARN_CONSTANT_CONVERSION = YES;
				CLANG_WARN_DEPRECATED_OBJC_IMPLEMENTATIONS = YES;
				CLANG_WARN_DIRECT_OBJC_ISA_USAGE = YES_ERROR;
				CLANG_WARN_DOCUMENTATION_COMMENTS = YES;
				CLANG_WARN_EMPTY_BODY = YES;
				CLANG_WARN_ENUM_CONVERSION = YES;
				CLANG_WARN_INFINITE_RECURSION = YES;
				CLANG_WARN_INT_CONVERSION = YES;
				CLANG_WARN_NON_LITERAL_NULL_CONVERSION = YES;
				CLANG_WARN_OBJC_IMPLICIT_RETAIN_SELF = YES;
				CLANG_WARN_OBJC_LITERAL_CONVERSION = YES;
				CLANG_WARN_OBJC_ROOT_CLASS = YES_ERROR;
				CLANG_WARN_QUOTED_INCLUDE_IN_FRAMEWORK_HEADER = YES;
				CLANG_WARN_RANGE_LOOP_ANALYSIS = YES;
				CLANG_WARN_STRICT_PROTOTYPES = YES;
				CLANG_WARN_SUSPICIOUS_MOVE = YES;
				CLANG_WARN_UNGUARDED_AVAILABILITY = YES_AGGRESSIVE;
				CLANG_WARN_UNREACHABLE_CODE = YES;
				CLANG_WARN__DUPLICATE_METHOD_MATCH = YES;
				COPY_PHASE_STRIP = NO;
				DEBUG_INFORMATION_FORMAT = dwarf;
				ENABLE_STRICT_OBJC_MSGSEND = YES;
				ENABLE_TESTABILITY = YES;
				GCC_C_LANGUAGE_STANDARD = gnu11;
				GCC_DYNAMIC_NO_PIC = NO;
				GCC_NO_COMMON_BLOCKS = YES;
				GCC_OPTIMIZATION_LEVEL = 0;
				GCC_PREPROCESSOR_DEFINITIONS = (
					"DEBUG=1",
					"$(inherited)",
				);
				GCC_WARN_64_TO_32_BIT_CONVERSION = YES;
				GCC_WARN_ABOUT_RETURN_TYPE = YES_ERROR;
				GCC_WARN_UNDECLARED_SELECTOR = YES;
				GCC_WARN_UNINITIALIZED_AUTOS = YES_AGGRESSIVE;
				GCC_WARN_UNUSED_FUNCTION = YES;
				GCC_WARN_UNUSED_VARIABLE = YES;
				IPHONEOS_DEPLOYMENT_TARGET = 15.2;
				MTL_ENABLE_DEBUG_INFO = INCLUDE_SOURCE;
				MTL_FAST_MATH = YES;
				ONLY_ACTIVE_ARCH = YES;
				SDKROOT = iphoneos;
				SWIFT_ACTIVE_COMPILATION_CONDITIONS = DEBUG;
				SWIFT_OPTIMIZATION_LEVEL = "-Onone";
			};
			name = Debug;
		};
		EBCDDF5C2799AECC004E3BE3 /* Release */ = {
			isa = XCBuildConfiguration;
			buildSettings = {
				ALWAYS_SEARCH_USER_PATHS = NO;
				CLANG_ANALYZER_NONNULL = YES;
				CLANG_ANALYZER_NUMBER_OBJECT_CONVERSION = YES_AGGRESSIVE;
				CLANG_CXX_LANGUAGE_STANDARD = "gnu++17";
				CLANG_CXX_LIBRARY = "libc++";
				CLANG_ENABLE_MODULES = YES;
				CLANG_ENABLE_OBJC_ARC = YES;
				CLANG_ENABLE_OBJC_WEAK = YES;
				CLANG_WARN_BLOCK_CAPTURE_AUTORELEASING = YES;
				CLANG_WARN_BOOL_CONVERSION = YES;
				CLANG_WARN_COMMA = YES;
				CLANG_WARN_CONSTANT_CONVERSION = YES;
				CLANG_WARN_DEPRECATED_OBJC_IMPLEMENTATIONS = YES;
				CLANG_WARN_DIRECT_OBJC_ISA_USAGE = YES_ERROR;
				CLANG_WARN_DOCUMENTATION_COMMENTS = YES;
				CLANG_WARN_EMPTY_BODY = YES;
				CLANG_WARN_ENUM_CONVERSION = YES;
				CLANG_WARN_INFINITE_RECURSION = YES;
				CLANG_WARN_INT_CONVERSION = YES;
				CLANG_WARN_NON_LITERAL_NULL_CONVERSION = YES;
				CLANG_WARN_OBJC_IMPLICIT_RETAIN_SELF = YES;
				CLANG_WARN_OBJC_LITERAL_CONVERSION = YES;
				CLANG_WARN_OBJC_ROOT_CLASS = YES_ERROR;
				CLANG_WARN_QUOTED_INCLUDE_IN_FRAMEWORK_HEADER = YES;
				CLANG_WARN_RANGE_LOOP_ANALYSIS = YES;
				CLANG_WARN_STRICT_PROTOTYPES = YES;
				CLANG_WARN_SUSPICIOUS_MOVE = YES;
				CLANG_WARN_UNGUARDED_AVAILABILITY = YES_AGGRESSIVE;
				CLANG_WARN_UNREACHABLE_CODE = YES;
				CLANG_WARN__DUPLICATE_METHOD_MATCH = YES;
				COPY_PHASE_STRIP = NO;
				DEBUG_INFORMATION_FORMAT = "dwarf-with-dsym";
				ENABLE_NS_ASSERTIONS = NO;
				ENABLE_STRICT_OBJC_MSGSEND = YES;
				GCC_C_LANGUAGE_STANDARD = gnu11;
				GCC_NO_COMMON_BLOCKS = YES;
				GCC_WARN_64_TO_32_BIT_CONVERSION = YES;
				GCC_WARN_ABOUT_RETURN_TYPE = YES_ERROR;
				GCC_WARN_UNDECLARED_SELECTOR = YES;
				GCC_WARN_UNINITIALIZED_AUTOS = YES_AGGRESSIVE;
				GCC_WARN_UNUSED_FUNCTION = YES;
				GCC_WARN_UNUSED_VARIABLE = YES;
				IPHONEOS_DEPLOYMENT_TARGET = 15.2;
				MTL_ENABLE_DEBUG_INFO = NO;
				MTL_FAST_MATH = YES;
				SDKROOT = iphoneos;
				SWIFT_COMPILATION_MODE = wholemodule;
				SWIFT_OPTIMIZATION_LEVEL = "-O";
				VALIDATE_PRODUCT = YES;
			};
			name = Release;
		};
		EBCDDF5E2799AECC004E3BE3 /* Debug */ = {
			isa = XCBuildConfiguration;
			baseConfigurationReference = F685720A9019AF2EA2A4FDAA /* Pods-PhotoEditorVSCO.debug.xcconfig */;
			buildSettings = {
				ASSETCATALOG_COMPILER_APPICON_NAME = AppIcon;
				ASSETCATALOG_COMPILER_GLOBAL_ACCENT_COLOR_NAME = AccentColor;
				CODE_SIGN_STYLE = Automatic;
				CURRENT_PROJECT_VERSION = 1;
				DEVELOPMENT_TEAM = QK5DGD2ADV;
				GENERATE_INFOPLIST_FILE = YES;
				INFOPLIST_FILE = PhotoEditorVSCO/Info.plist;
				INFOPLIST_KEY_NSCameraUsageDescription = "Хотим делать фото";
				INFOPLIST_KEY_NSPhotoLibraryUsageDescription = "Хотим загружать фото";
				INFOPLIST_KEY_UIApplicationSupportsIndirectInputEvents = YES;
				INFOPLIST_KEY_UILaunchStoryboardName = LaunchScreen;
				INFOPLIST_KEY_UISupportedInterfaceOrientations_iPad = "UIInterfaceOrientationPortrait UIInterfaceOrientationPortraitUpsideDown UIInterfaceOrientationLandscapeLeft UIInterfaceOrientationLandscapeRight";
				INFOPLIST_KEY_UISupportedInterfaceOrientations_iPhone = "UIInterfaceOrientationPortrait UIInterfaceOrientationLandscapeLeft UIInterfaceOrientationLandscapeRight";
				LD_RUNPATH_SEARCH_PATHS = (
					"$(inherited)",
					"@executable_path/Frameworks",
				);
				MARKETING_VERSION = 1.0;
				PRODUCT_BUNDLE_IDENTIFIER = ru.sharubin.PhotoEditorVSCO;
				PRODUCT_NAME = "$(TARGET_NAME)";
				SWIFT_EMIT_LOC_STRINGS = YES;
				SWIFT_VERSION = 5.0;
				TARGETED_DEVICE_FAMILY = "1,2";
			};
			name = Debug;
		};
		EBCDDF5F2799AECC004E3BE3 /* Release */ = {
			isa = XCBuildConfiguration;
			baseConfigurationReference = E5323E9B1C6F667478255519 /* Pods-PhotoEditorVSCO.release.xcconfig */;
			buildSettings = {
				ASSETCATALOG_COMPILER_APPICON_NAME = AppIcon;
				ASSETCATALOG_COMPILER_GLOBAL_ACCENT_COLOR_NAME = AccentColor;
				CODE_SIGN_STYLE = Automatic;
				CURRENT_PROJECT_VERSION = 1;
				DEVELOPMENT_TEAM = QK5DGD2ADV;
				GENERATE_INFOPLIST_FILE = YES;
				INFOPLIST_FILE = PhotoEditorVSCO/Info.plist;
				INFOPLIST_KEY_NSCameraUsageDescription = "Хотим делать фото";
				INFOPLIST_KEY_NSPhotoLibraryUsageDescription = "Хотим загружать фото";
				INFOPLIST_KEY_UIApplicationSupportsIndirectInputEvents = YES;
				INFOPLIST_KEY_UILaunchStoryboardName = LaunchScreen;
				INFOPLIST_KEY_UISupportedInterfaceOrientations_iPad = "UIInterfaceOrientationPortrait UIInterfaceOrientationPortraitUpsideDown UIInterfaceOrientationLandscapeLeft UIInterfaceOrientationLandscapeRight";
				INFOPLIST_KEY_UISupportedInterfaceOrientations_iPhone = "UIInterfaceOrientationPortrait UIInterfaceOrientationLandscapeLeft UIInterfaceOrientationLandscapeRight";
				LD_RUNPATH_SEARCH_PATHS = (
					"$(inherited)",
					"@executable_path/Frameworks",
				);
				MARKETING_VERSION = 1.0;
				PRODUCT_BUNDLE_IDENTIFIER = ru.sharubin.PhotoEditorVSCO;
				PRODUCT_NAME = "$(TARGET_NAME)";
				SWIFT_EMIT_LOC_STRINGS = YES;
				SWIFT_VERSION = 5.0;
				TARGETED_DEVICE_FAMILY = "1,2";
			};
			name = Release;
		};
/* End XCBuildConfiguration section */

/* Begin XCConfigurationList section */
		EBCDDF442799AEC7004E3BE3 /* Build configuration list for PBXProject "PhotoEditorVSCO" */ = {
			isa = XCConfigurationList;
			buildConfigurations = (
				EBCDDF5B2799AECC004E3BE3 /* Debug */,
				EBCDDF5C2799AECC004E3BE3 /* Release */,
			);
			defaultConfigurationIsVisible = 0;
			defaultConfigurationName = Release;
		};
		EBCDDF5D2799AECC004E3BE3 /* Build configuration list for PBXNativeTarget "PhotoEditorVSCO" */ = {
			isa = XCConfigurationList;
			buildConfigurations = (
				EBCDDF5E2799AECC004E3BE3 /* Debug */,
				EBCDDF5F2799AECC004E3BE3 /* Release */,
			);
			defaultConfigurationIsVisible = 0;
			defaultConfigurationName = Release;
		};
/* End XCConfigurationList section */
	};
	rootObject = EBCDDF412799AEC7004E3BE3 /* Project object */;
}
